
Microsoft Visual Studio Solution File, Format Version 12.00
# Visual Studio Version 17
VisualStudioVersion = 17.4.33213.308
MinimumVisualStudioVersion = 10.0.40219.1
Project("{FAE04EC0-301F-11D3-BF4B-00C04F79EFBC}") = "Postos.Web", "Postos.Web\Postos.Web.csproj", "{6305AE92-E612-4EC0-B4A2-38F82B90F9B0}"
EndProject
Global
	GlobalSection(SolutionConfigurationPlatforms) = preSolution
		Debug|Any CPU = Debug|Any CPU
		Release|Any CPU = Release|Any CPU
	EndGlobalSection
	GlobalSection(ProjectConfigurationPlatforms) = postSolution
		{6305AE92-E612-4EC0-B4A2-38F82B90F9B0}.Debug|Any CPU.ActiveCfg = Debug|Any CPU
		{6305AE92-E612-4EC0-B4A2-38F82B90F9B0}.Debug|Any CPU.Build.0 = Debug|Any CPU
		{6305AE92-E612-4EC0-B4A2-38F82B90F9B0}.Release|Any CPU.ActiveCfg = Release|Any CPU
		{6305AE92-E612-4EC0-B4A2-38F82B90F9B0}.Release|Any CPU.Build.0 = Release|Any CPU
	EndGlobalSection
	GlobalSection(SolutionProperties) = preSolution
		HideSolutionNode = FALSE
	EndGlobalSection
	GlobalSection(ExtensibilityGlobals) = postSolution
		SolutionGuid = {B8937A06-5ECD-4DB9-9640-CC15AC607D3F}
	EndGlobalSection
EndGlobal
